Microsoft Visual Studio Solution File, Format Version 9.00
# Visual Studio 2005
Project("{8BC9CEB8-8B4A-11D0-8D11-00A0C91BC942}") = "Avida", "Avida.vcproj", "{0A7F34A9-645B-11B1-871E-B8C06AED84B3}"
EndProject
Global
	GlobalSection(SolutionConfigurationPlatforms) = preSolution
		Release|Win32 = Release|Win32
	EndGlobalSection
	GlobalSection(ProjectConfigurationPlatforms) = postSolution
		{0A7F34A9-645B-11B1-871E-B8C06AED84B3}.Release|Win32.ActiveCfg = Release|Win32
		{0A7F34A9-645B-11B1-871E-B8C06AED84B3}.Release|Win32.Build.0 = Release|Win32
	EndGlobalSection
	GlobalSection(SolutionProperties) = preSolution
		HideSolutionNode = FALSE
	EndGlobalSection
EndGlobal
fXEAVQdSZWxlYXNlcQEoY1NDb25zLlRvb2wubXN2cwpDb25maWcKcQJvcQN9cQQoVQhwbGF0Zm9y
bXEFVQVXaW4zMnEGVQd2YXJpYW50cQdoAXVicy4=

