// !$*UTF8*$!
{
	archiveVersion = 1;
	classes = {
	};
	objectVersion = 46;
	objects = {

/* Begin PBXBuildFile section */
		7015B89B14C87DB50031B60B /* DraggableImageView.m in Sources */ = {isa = PBXBuildFile; fileRef = 7015B89A14C87DB50031B60B /* DraggableImageView.m */; };
		7015B89F14C883C60031B60B /* genome65.png in Resources */ = {isa = PBXBuildFile; fileRef = 7015B89D14C883C60031B60B /* genome65.png */; };
		7015B8A014C883C60031B60B /* petri128empty.png in Resources */ = {isa = PBXBuildFile; fileRef = 7015B89E14C883C60031B60B /* petri128empty.png */; };
		7015B8A314C886820031B60B /* FreezerOutlineView.mm in Sources */ = {isa = PBXBuildFile; fileRef = 7015B8A214C886820031B60B /* FreezerOutlineView.mm */; };
		70178C7D14D84CB900C715D7 /* AvidaEDAnalyzePopulation.mm in Sources */ = {isa = PBXBuildFile; fileRef = 70178C7C14D84CB900C715D7 /* AvidaEDAnalyzePopulation.mm */; };
		701BFFF113CF305200838CC9 /* OrgColorBox.m in Sources */ = {isa = PBXBuildFile; fileRef = 701BFFF013CF305200838CC9 /* OrgColorBox.m */; };
		701E3A1513576BD2000BFFBC /* petri128.png in Resources */ = {isa = PBXBuildFile; fileRef = 701E3A1413576BD2000BFFBC /* petri128.png */; };
		7029A49D1361CDBD0031433A /* CenteringClipView.m in Sources */ = {isa = PBXBuildFile; fileRef = 7029A49C1361CDBD0031433A /* CenteringClipView.m */; };
		7032D0B715051F260090C93C /* OrganismView.mm in Sources */ = {isa = PBXBuildFile; fileRef = 7032D0B615051F260090C93C /* OrganismView.mm */; };
		7032D0BB150534F40090C93C /* AvidaEDOrganismView.mm in Sources */ = {isa = PBXBuildFile; fileRef = 7032D0BA150534F40090C93C /* AvidaEDOrganismView.mm */; };
		7035497613379FBD00D3865C /* Cocoa.framework in Frameworks */ = {isa = PBXBuildFile; fileRef = 7035497513379FBD00D3865C /* Cocoa.framework */; };
		703549A91337A4B100D3865C /* Avida-ED-MainWindow.xib in Resources */ = {isa = PBXBuildFile; fileRef = 703549A61337A4B100D3865C /* Avida-ED-MainWindow.xib */; };
		703549AA1337A4B100D3865C /* Avida-MainWindow.xib in Resources */ = {isa = PBXBuildFile; fileRef = 703549A71337A4B100D3865C /* Avida-MainWindow.xib */; };
		703549AB1337A4B100D3865C /* MainMenu.xib in Resources */ = {isa = PBXBuildFile; fileRef = 703549A81337A4B100D3865C /* MainMenu.xib */; };
		703549B01337AD0500D3865C /* AvidaMainWindowController.mm in Sources */ = {isa = PBXBuildFile; fileRef = 703549AF1337AD0500D3865C /* AvidaMainWindowController.mm */; };
		703549B31337AD1600D3865C /* AvidaEDController.mm in Sources */ = {isa = PBXBuildFile; fileRef = 703549B21337AD1600D3865C /* AvidaEDController.mm */; };
		703549B91337AD2600D3865C /* AvidaAppDelegate.mm in Sources */ = {isa = PBXBuildFile; fileRef = 703549B51337AD2600D3865C /* AvidaAppDelegate.mm */; };
		703549BA1337AD2600D3865C /* main.mm in Sources */ = {isa = PBXBuildFile; fileRef = 703549B61337AD2600D3865C /* main.mm */; };
		703549BB1337AD2600D3865C /* SubtleSplitView.m in Sources */ = {isa = PBXBuildFile; fileRef = 703549B81337AD2600D3865C /* SubtleSplitView.m */; };
		703549C21337AD4300D3865C /* AvidaRun.mm in Sources */ = {isa = PBXBuildFile; fileRef = 703549BD1337AD4300D3865C /* AvidaRun.mm */; };
		703549C31337AD4300D3865C /* ViewerListener.mm in Sources */ = {isa = PBXBuildFile; fileRef = 703549BF1337AD4300D3865C /* ViewerListener.mm */; };
		703549C41337AD4300D3865C /* MapGridView.mm in Sources */ = {isa = PBXBuildFile; fileRef = 703549C11337AD4300D3865C /* MapGridView.mm */; };
		703549EB1337D25300D3865C /* libapto.a in Frameworks */ = {isa = PBXBuildFile; fileRef = 703549EA1337D25300D3865C /* libapto.a */; };
		703549EE1337D28300D3865C /* libviewer-core.a in Frameworks */ = {isa = PBXBuildFile; fileRef = 703549ED1337D28200D3865C /* libviewer-core.a */; };
		703549F01337D28800D3865C /* libavida-core.a in Frameworks */ = {isa = PBXBuildFile; fileRef = 703549EF1337D28800D3865C /* libavida-core.a */; };
		7038059214ACF616002FA72A /* CorePlot.framework in Frameworks */ = {isa = PBXBuildFile; fileRef = 7038059114ACF616002FA72A /* CorePlot.framework */; };
		7038059714ACF779002FA72A /* CorePlot.framework in CopyFiles */ = {isa = PBXBuildFile; fileRef = 7038059114ACF616002FA72A /* CorePlot.framework */; };
		7046CF7714D0B5320030F1DF /* petri.icns in Resources */ = {isa = PBXBuildFile; fileRef = 7046CF7614D0B5320030F1DF /* petri.icns */; };
		7046CFB814D9B7BA0030F1DF /* DroppableGraphHostingView.m in Sources */ = {isa = PBXBuildFile; fileRef = 7046CFB714D9B7BA0030F1DF /* DroppableGraphHostingView.m */; };
		7046CFBC14D9C55B0030F1DF /* graph-preview-dashed.png in Resources */ = {isa = PBXBuildFile; fileRef = 7046CFBA14D9C55B0030F1DF /* graph-preview-dashed.png */; };
		7046CFBD14D9C55B0030F1DF /* graph-preview-solid.png in Resources */ = {isa = PBXBuildFile; fileRef = 7046CFBB14D9C55B0030F1DF /* graph-preview-solid.png */; };
		7047394814B65F19009D285C /* QuartzCore.framework in Frameworks */ = {isa = PBXBuildFile; fileRef = 7047394714B65F19009D285C /* QuartzCore.framework */; };
		7061AB5013588B0E0000B036 /* AvidaEDPopViewStatView.mm in Sources */ = {isa = PBXBuildFile; fileRef = 7061AB4F13588B0E0000B036 /* AvidaEDPopViewStatView.mm */; };
		708308EB14B6A6E50051B354 /* ImageFlipperView.m in Sources */ = {isa = PBXBuildFile; fileRef = 708308EA14B6A6E50051B354 /* ImageFlipperView.m */; };
		708308EF14B6A7270051B354 /* NSBitmapImageRep+GLExtensions.m in Sources */ = {isa = PBXBuildFile; fileRef = 708308EE14B6A7270051B354 /* NSBitmapImageRep+GLExtensions.m */; };
		708308F214B6A7650051B354 /* NSFileManager+TemporaryDirectory.m in Sources */ = {isa = PBXBuildFile; fileRef = 708308F114B6A7650051B354 /* NSFileManager+TemporaryDirectory.m */; };
		708308F514B6AA9C0051B354 /* FlipView.m in Sources */ = {isa = PBXBuildFile; fileRef = 708308F414B6AA9C0051B354 /* FlipView.m */; };
		708308F714B6ADEB0051B354 /* OpenGL.framework in Frameworks */ = {isa = PBXBuildFile; fileRef = 708308F614B6ADEB0051B354 /* OpenGL.framework */; };
		7083E58414BE1E2900E4023E /* Freezer.mm in Sources */ = {isa = PBXBuildFile; fileRef = 7083E58314BE1E2900E4023E /* Freezer.mm */; };
		708D31301342312100AE5CEF /* README in Resources */ = {isa = PBXBuildFile; fileRef = 708D312F1342312100AE5CEF /* README */; };
		709D24C714CF500400AB0425 /* Genome.mm in Sources */ = {isa = PBXBuildFile; fileRef = 709D24C414CF4B8100AB0425 /* Genome.mm */; };
		70D0455C13C6351D00E6E5AC /* NSString+Apto.mm in Sources */ = {isa = PBXBuildFile; fileRef = 70D0455B13C6351D00E6E5AC /* NSString+Apto.mm */; };
		70D3C088135739E1008374E3 /* MapScaleView.mm in Sources */ = {isa = PBXBuildFile; fileRef = 70D3C087135739E1008374E3 /* MapScaleView.mm */; };
/* End PBXBuildFile section */

/* Begin PBXCopyFilesBuildPhase section */
		7038059614ACF76A002FA72A /* CopyFiles */ = {
			isa = PBXCopyFilesBuildPhase;
			buildActionMask = 2147483647;
			dstPath = "";
			dstSubfolderSpec = 10;
			files = (
				7038059714ACF779002FA72A /* CorePlot.framework in CopyFiles */,
			);
			runOnlyForDeploymentPostprocessing = 0;
		};
/* End PBXCopyFilesBuildPhase section */

/* Begin PBXFileReference section */
		7015B89914C87DB50031B60B /* DraggableImageView.h */ = {isa = PBXFileReference; fileEncoding = 4; lastKnownFileType = sourcecode.c.h; path = DraggableImageView.h; sourceTree = "<group>"; };
		7015B89A14C87DB50031B60B /* DraggableImageView.m */ = {isa = PBXFileReference; fileEncoding = 4; lastKnownFileType = sourcecode.c.objc; path = DraggableImageView.m; sourceTree = "<group>"; };
		7015B89D14C883C60031B60B /* genome65.png */ = {isa = PBXFileReference; lastKnownFileType = image.png; path = genome65.png; sourceTree = "<group>"; };
		7015B89E14C883C60031B60B /* petri128empty.png */ = {isa = PBXFileReference; lastKnownFileType = image.png; path = petri128empty.png; sourceTree = "<group>"; };
		7015B8A114C886820031B60B /* FreezerOutlineView.h */ = {isa = PBXFileReference; fileEncoding = 4; lastKnownFileType = sourcecode.c.h; path = FreezerOutlineView.h; sourceTree = "<group>"; };
		7015B8A214C886820031B60B /* FreezerOutlineView.mm */ = {isa = PBXFileReference; fileEncoding = 4; lastKnownFileType = sourcecode.cpp.objcpp; path = FreezerOutlineView.mm; sourceTree = "<group>"; };
		70178C7B14D84CB900C715D7 /* AvidaEDAnalyzePopulation.h */ = {isa = PBXFileReference; fileEncoding = 4; lastKnownFileType = sourcecode.c.h; path = AvidaEDAnalyzePopulation.h; sourceTree = "<group>"; };
		70178C7C14D84CB900C715D7 /* AvidaEDAnalyzePopulation.mm */ = {isa = PBXFileReference; fileEncoding = 4; lastKnownFileType = sourcecode.cpp.objcpp; path = AvidaEDAnalyzePopulation.mm; sourceTree = "<group>"; };
		701BFFEF13CF305200838CC9 /* OrgColorBox.h */ = {isa = PBXFileReference; fileEncoding = 4; lastKnownFileType = sourcecode.c.h; path = OrgColorBox.h; sourceTree = "<group>"; };
		701BFFF013CF305200838CC9 /* OrgColorBox.m */ = {isa = PBXFileReference; fileEncoding = 4; lastKnownFileType = sourcecode.c.objc; path = OrgColorBox.m; sourceTree = "<group>"; };
		701E3A1413576BD2000BFFBC /* petri128.png */ = {isa = PBXFileReference; lastKnownFileType = image.png; path = petri128.png; sourceTree = "<group>"; };
		7029A49B1361CDBD0031433A /* CenteringClipView.h */ = {isa = PBXFileReference; fileEncoding = 4; lastKnownFileType = sourcecode.c.h; path = CenteringClipView.h; sourceTree = "<group>"; };
		7029A49C1361CDBD0031433A /* CenteringClipView.m */ = {isa = PBXFileReference; fileEncoding = 4; lastKnownFileType = sourcecode.c.objc; path = CenteringClipView.m; sourceTree = "<group>"; };
		7032D0B515051F260090C93C /* OrganismView.h */ = {isa = PBXFileReference; fileEncoding = 4; lastKnownFileType = sourcecode.c.h; path = OrganismView.h; sourceTree = "<group>"; };
		7032D0B615051F260090C93C /* OrganismView.mm */ = {isa = PBXFileReference; fileEncoding = 4; lastKnownFileType = sourcecode.cpp.objcpp; path = OrganismView.mm; sourceTree = "<group>"; };
		7032D0B8150528C30090C93C /* DropDelegate.h */ = {isa = PBXFileReference; lastKnownFileType = sourcecode.c.h; path = DropDelegate.h; sourceTree = "<group>"; };
		7032D0B9150534F40090C93C /* AvidaEDOrganismView.h */ = {isa = PBXFileReference; fileEncoding = 4; path = AvidaEDOrganismView.h; sourceTree = "<group>"; };
		7032D0BA150534F40090C93C /* AvidaEDOrganismView.mm */ = {isa = PBXFileReference; fileEncoding = 4; lastKnownFileType = sourcecode.cpp.objcpp; path = AvidaEDOrganismView.mm; sourceTree = "<group>"; };
		7035497113379FBD00D3865C /* Avida.app */ = {isa = PBXFileReference; explicitFileType = wrapper.application; includeInIndex = 0; path = Avida.app; sourceTree = BUILT_PRODUCTS_DIR; };
		7035497513379FBD00D3865C /* Cocoa.framework */ = {isa = PBXFileReference; lastKnownFileType = wrapper.framework; name = Cocoa.framework; path = System/Library/Frameworks/Cocoa.framework; sourceTree = SDKROOT; };
		7035497813379FBD00D3865C /* AppKit.framework */ = {isa = PBXFileReference; lastKnownFileType = wrapper.framework; name = AppKit.framework; path = System/Library/Frameworks/AppKit.framework; sourceTree = SDKROOT; };
		7035497913379FBD00D3865C /* CoreData.framework */ = {isa = PBXFileReference; lastKnownFileType = wrapper.framework; name = CoreData.framework; path = System/Library/Frameworks/CoreData.framework; sourceTree = SDKROOT; };
		7035497A13379FBD00D3865C /* Foundation.framework */ = {isa = PBXFileReference; lastKnownFileType = wrapper.framework; name = Foundation.framework; path = System/Library/Frameworks/Foundation.framework; sourceTree = SDKROOT; };
		703549A61337A4B100D3865C /* Avida-ED-MainWindow.xib */ = {isa = PBXFileReference; fileEncoding = 4; lastKnownFileType = file.xib; path = "Avida-ED-MainWindow.xib"; sourceTree = "<group>"; };
		703549A71337A4B100D3865C /* Avida-MainWindow.xib */ = {isa = PBXFileReference; fileEncoding = 4; lastKnownFileType = file.xib; path = "Avida-MainWindow.xib"; sourceTree = "<group>"; };
		703549A81337A4B100D3865C /* MainMenu.xib */ = {isa = PBXFileReference; fileEncoding = 4; lastKnownFileType = file.xib; path = MainMenu.xib; sourceTree = "<group>"; };
		703549AC1337A54700D3865C /* Avida-Info.plist */ = {isa = PBXFileReference; fileEncoding = 4; lastKnownFileType = text.plist.xml; path = "Avida-Info.plist"; sourceTree = "<group>"; };
		703549AE1337AD0500D3865C /* AvidaMainWindowController.h */ = {isa = PBXFileReference; fileEncoding = 4; lastKnownFileType = sourcecode.c.h; path = AvidaMainWindowController.h; sourceTree = "<group>"; };
		703549AF1337AD0500D3865C /* AvidaMainWindowController.mm */ = {isa = PBXFileReference; fileEncoding = 4; lastKnownFileType = sourcecode.cpp.objcpp; path = AvidaMainWindowController.mm; sourceTree = "<group>"; };
		703549B11337AD1600D3865C /* AvidaEDController.h */ = {isa = PBXFileReference; fileEncoding = 4; lastKnownFileType = sourcecode.c.h; path = AvidaEDController.h; sourceTree = "<group>"; };
		703549B21337AD1600D3865C /* AvidaEDController.mm */ = {isa = PBXFileReference; fileEncoding = 4; lastKnownFileType = sourcecode.cpp.objcpp; path = AvidaEDController.mm; sourceTree = "<group>"; };
		703549B41337AD2600D3865C /* AvidaAppDelegate.h */ = {isa = PBXFileReference; fileEncoding = 4; lastKnownFileType = sourcecode.c.h; path = AvidaAppDelegate.h; sourceTree = "<group>"; };
		703549B51337AD2600D3865C /* AvidaAppDelegate.mm */ = {isa = PBXFileReference; fileEncoding = 4; lastKnownFileType = sourcecode.cpp.objcpp; path = AvidaAppDelegate.mm; sourceTree = "<group>"; };
		703549B61337AD2600D3865C /* main.mm */ = {isa = PBXFileReference; fileEncoding = 4; lastKnownFileType = sourcecode.cpp.objcpp; path = main.mm; sourceTree = "<group>"; };
		703549B71337AD2600D3865C /* SubtleSplitView.h */ = {isa = PBXFileReference; fileEncoding = 4; lastKnownFileType = sourcecode.c.h; path = SubtleSplitView.h; sourceTree = "<group>"; };
		703549B81337AD2600D3865C /* SubtleSplitView.m */ = {isa = PBXFileReference; fileEncoding = 4; lastKnownFileType = sourcecode.c.objc; path = SubtleSplitView.m; sourceTree = "<group>"; };
		703549BC1337AD4300D3865C /* AvidaRun.h */ = {isa = PBXFileReference; fileEncoding = 4; lastKnownFileType = sourcecode.c.h; path = AvidaRun.h; sourceTree = "<group>"; };
		703549BD1337AD4300D3865C /* AvidaRun.mm */ = {isa = PBXFileReference; fileEncoding = 4; lastKnownFileType = sourcecode.cpp.objcpp; path = AvidaRun.mm; sourceTree = "<group>"; };
		703549BE1337AD4300D3865C /* ViewerListener.h */ = {isa = PBXFileReference; fileEncoding = 4; lastKnownFileType = sourcecode.c.h; path = ViewerListener.h; sourceTree = "<group>"; };
		703549BF1337AD4300D3865C /* ViewerListener.mm */ = {isa = PBXFileReference; fileEncoding = 4; lastKnownFileType = sourcecode.cpp.objcpp; path = ViewerListener.mm; sourceTree = "<group>"; };
		703549C01337AD4300D3865C /* MapGridView.h */ = {isa = PBXFileReference; fileEncoding = 4; lastKnownFileType = sourcecode.c.h; path = MapGridView.h; sourceTree = "<group>"; };
		703549C11337AD4300D3865C /* MapGridView.mm */ = {isa = PBXFileReference; fileEncoding = 4; lastKnownFileType = sourcecode.cpp.objcpp; path = MapGridView.mm; sourceTree = "<group>"; };
		703549EA1337D25300D3865C /* libapto.a */ = {isa = PBXFileReference; explicitFileType = archive.ar; path = libapto.a; sourceTree = BUILT_PRODUCTS_DIR; };
		703549ED1337D28200D3865C /* libviewer-core.a */ = {isa = PBXFileReference; explicitFileType = archive.ar; path = "libviewer-core.a"; sourceTree = BUILT_PRODUCTS_DIR; };
		703549EF1337D28800D3865C /* libavida-core.a */ = {isa = PBXFileReference; explicitFileType = archive.ar; path = "libavida-core.a"; sourceTree = BUILT_PRODUCTS_DIR; };
		7038059114ACF616002FA72A /* CorePlot.framework */ = {isa = PBXFileReference; lastKnownFileType = wrapper.framework; name = CorePlot.framework; path = "../../../../../Library/Developer/Xcode/DerivedData/Avida-erkyibleqpjktofbblmkfuehtmqd/Build/Products/Debug/CorePlot.framework"; sourceTree = "<group>"; };
		7046CF7414D0B4F80030F1DF /* petri.icns */ = {isa = PBXFileReference; lastKnownFileType = image.icns; path = petri.icns; sourceTree = "<group>"; };
		7046CF7614D0B5320030F1DF /* petri.icns */ = {isa = PBXFileReference; lastKnownFileType = image.icns; path = petri.icns; sourceTree = "<group>"; };
		7046CFB614D9B7BA0030F1DF /* DroppableGraphHostingView.h */ = {isa = PBXFileReference; fileEncoding = 4; lastKnownFileType = sourcecode.c.h; path = DroppableGraphHostingView.h; sourceTree = "<group>"; };
		7046CFB714D9B7BA0030F1DF /* DroppableGraphHostingView.m */ = {isa = PBXFileReference; fileEncoding = 4; lastKnownFileType = sourcecode.c.objc; path = DroppableGraphHostingView.m; sourceTree = "<group>"; };
		7046CFBA14D9C55B0030F1DF /* graph-preview-dashed.png */ = {isa = PBXFileReference; lastKnownFileType = image.png; path = "graph-preview-dashed.png"; sourceTree = "<group>"; };
		7046CFBB14D9C55B0030F1DF /* graph-preview-solid.png */ = {isa = PBXFileReference; lastKnownFileType = image.png; path = "graph-preview-solid.png"; sourceTree = "<group>"; };
		7047394714B65F19009D285C /* QuartzCore.framework */ = {isa = PBXFileReference; lastKnownFileType = wrapper.framework; name = QuartzCore.framework; path = System/Library/Frameworks/QuartzCore.framework; sourceTree = SDKROOT; };
		7061AB4E13588B0E0000B036 /* AvidaEDPopViewStatView.h */ = {isa = PBXFileReference; fileEncoding = 4; lastKnownFileType = sourcecode.c.h; path = AvidaEDPopViewStatView.h; sourceTree = "<group>"; };
		7061AB4F13588B0E0000B036 /* AvidaEDPopViewStatView.mm */ = {isa = PBXFileReference; fileEncoding = 4; lastKnownFileType = sourcecode.cpp.objcpp; path = AvidaEDPopViewStatView.mm; sourceTree = "<group>"; };
		708308E914B6A6E50051B354 /* ImageFlipperView.h */ = {isa = PBXFileReference; fileEncoding = 4; lastKnownFileType = sourcecode.c.h; path = ImageFlipperView.h; sourceTree = "<group>"; };
		708308EA14B6A6E50051B354 /* ImageFlipperView.m */ = {isa = PBXFileReference; fileEncoding = 4; lastKnownFileType = sourcecode.c.objc; path = ImageFlipperView.m; sourceTree = "<group>"; };
		708308ED14B6A7270051B354 /* NSBitmapImageRep+GLExtensions.h */ = {isa = PBXFileReference; fileEncoding = 4; lastKnownFileType = sourcecode.c.h; path = "NSBitmapImageRep+GLExtensions.h"; sourceTree = "<group>"; };
		708308EE14B6A7270051B354 /* NSBitmapImageRep+GLExtensions.m */ = {isa = PBXFileReference; fileEncoding = 4; lastKnownFileType = sourcecode.c.objc; path = "NSBitmapImageRep+GLExtensions.m"; sourceTree = "<group>"; };
		708308F014B6A7650051B354 /* NSFileManager+TemporaryDirectory.h */ = {isa = PBXFileReference; fileEncoding = 4; lastKnownFileType = sourcecode.c.h; path = "NSFileManager+TemporaryDirectory.h"; sourceTree = "<group>"; };
		708308F114B6A7650051B354 /* NSFileManager+TemporaryDirectory.m */ = {isa = PBXFileReference; fileEncoding = 4; lastKnownFileType = sourcecode.c.objc; path = "NSFileManager+TemporaryDirectory.m"; sourceTree = "<group>"; };
		708308F314B6AA9C0051B354 /* FlipView.h */ = {isa = PBXFileReference; fileEncoding = 4; lastKnownFileType = sourcecode.c.h; path = FlipView.h; sourceTree = "<group>"; };
		708308F414B6AA9C0051B354 /* FlipView.m */ = {isa = PBXFileReference; fileEncoding = 4; lastKnownFileType = sourcecode.c.objc; path = FlipView.m; sourceTree = "<group>"; };
		708308F614B6ADEB0051B354 /* OpenGL.framework */ = {isa = PBXFileReference; lastKnownFileType = wrapper.framework; name = OpenGL.framework; path = System/Library/Frameworks/OpenGL.framework; sourceTree = SDKROOT; };
		7083E58214BE1E2900E4023E /* Freezer.h */ = {isa = PBXFileReference; fileEncoding = 4; lastKnownFileType = sourcecode.c.h; path = Freezer.h; sourceTree = "<group>"; };
		7083E58314BE1E2900E4023E /* Freezer.mm */ = {isa = PBXFileReference; fileEncoding = 4; lastKnownFileType = sourcecode.cpp.objcpp; path = Freezer.mm; sourceTree = "<group>"; };
		708D312F1342312100AE5CEF /* README */ = {isa = PBXFileReference; fileEncoding = 4; lastKnownFileType = text; path = README; sourceTree = "<group>"; };
		709D24C314CF4B8100AB0425 /* Genome.h */ = {isa = PBXFileReference; fileEncoding = 4; lastKnownFileType = sourcecode.c.h; path = Genome.h; sourceTree = "<group>"; };
		709D24C414CF4B8100AB0425 /* Genome.mm */ = {isa = PBXFileReference; fileEncoding = 4; lastKnownFileType = sourcecode.cpp.objcpp; path = Genome.mm; sourceTree = "<group>"; };
		70D0455A13C6351D00E6E5AC /* NSString+Apto.h */ = {isa = PBXFileReference; fileEncoding = 4; lastKnownFileType = sourcecode.c.h; path = "NSString+Apto.h"; sourceTree = "<group>"; };
		70D0455B13C6351D00E6E5AC /* NSString+Apto.mm */ = {isa = PBXFileReference; fileEncoding = 4; lastKnownFileType = sourcecode.cpp.objcpp; path = "NSString+Apto.mm"; sourceTree = "<group>"; };
		70D3C086135739E1008374E3 /* MapScaleView.h */ = {isa = PBXFileReference; fileEncoding = 4; lastKnownFileType = sourcecode.c.h; path = MapScaleView.h; sourceTree = "<group>"; };
		70D3C087135739E1008374E3 /* MapScaleView.mm */ = {isa = PBXFileReference; fileEncoding = 4; lastKnownFileType = sourcecode.cpp.objcpp; path = MapScaleView.mm; sourceTree = "<group>"; };
/* End PBXFileReference section */

/* Begin PBXFrameworksBuildPhase section */
		7035496E13379FBD00D3865C /* Frameworks */ = {
			isa = PBXFrameworksBuildPhase;
			buildActionMask = 2147483647;
			files = (
				708308F714B6ADEB0051B354 /* OpenGL.framework in Frameworks */,
				7047394814B65F19009D285C /* QuartzCore.framework in Frameworks */,
				7035497613379FBD00D3865C /* Cocoa.framework in Frameworks */,
				7038059214ACF616002FA72A /* CorePlot.framework in Frameworks */,
				703549EB1337D25300D3865C /* libapto.a in Frameworks */,
				703549F01337D28800D3865C /* libavida-core.a in Frameworks */,
				703549EE1337D28300D3865C /* libviewer-core.a in Frameworks */,
			);
			runOnlyForDeploymentPostprocessing = 0;
		};
/* End PBXFrameworksBuildPhase section */

/* Begin PBXGroup section */
		7035496113379F3F00D3865C = {
			isa = PBXGroup;
			children = (
				7046CF7614D0B5320030F1DF /* petri.icns */,
				703549991337A30500D3865C /* Source */,
				703549961337A11C00D3865C /* Resources */,
				7035497413379FBD00D3865C /* Frameworks */,
				703549C91337AF1300D3865C /* Libraries */,
				7035497213379FBD00D3865C /* Products */,
				708D312F1342312100AE5CEF /* README */,
			);
			sourceTree = "<group>";
		};
		7035497213379FBD00D3865C /* Products */ = {
			isa = PBXGroup;
			children = (
				7035497113379FBD00D3865C /* Avida.app */,
			);
			name = Products;
			sourceTree = "<group>";
		};
		7035497413379FBD00D3865C /* Frameworks */ = {
			isa = PBXGroup;
			children = (
				7035497513379FBD00D3865C /* Cocoa.framework */,
				7038059114ACF616002FA72A /* CorePlot.framework */,
				708308F614B6ADEB0051B354 /* OpenGL.framework */,
				7047394714B65F19009D285C /* QuartzCore.framework */,
				7035497713379FBD00D3865C /* Other Frameworks */,
			);
			name = Frameworks;
			sourceTree = "<group>";
		};
		7035497713379FBD00D3865C /* Other Frameworks */ = {
			isa = PBXGroup;
			children = (
				7035497813379FBD00D3865C /* AppKit.framework */,
				7035497913379FBD00D3865C /* CoreData.framework */,
				7035497A13379FBD00D3865C /* Foundation.framework */,
			);
			name = "Other Frameworks";
			sourceTree = "<group>";
		};
		703549961337A11C00D3865C /* Resources */ = {
			isa = PBXGroup;
			children = (
				703549981337A27400D3865C /* Images */,
				703549971337A12E00D3865C /* NIBs */,
				7035499E1337A3A200D3865C /* Other */,
			);
			name = Resources;
			sourceTree = "<group>";
		};
		703549971337A12E00D3865C /* NIBs */ = {
			isa = PBXGroup;
			children = (
				703549A61337A4B100D3865C /* Avida-ED-MainWindow.xib */,
				703549A71337A4B100D3865C /* Avida-MainWindow.xib */,
				703549A81337A4B100D3865C /* MainMenu.xib */,
			);
			name = NIBs;
			path = resources/nibs;
			sourceTree = "<group>";
		};
		703549981337A27400D3865C /* Images */ = {
			isa = PBXGroup;
			children = (
				7015B89D14C883C60031B60B /* genome65.png */,
				7046CFBA14D9C55B0030F1DF /* graph-preview-dashed.png */,
				7046CFBB14D9C55B0030F1DF /* graph-preview-solid.png */,
				7046CF7414D0B4F80030F1DF /* petri.icns */,
				7015B89E14C883C60031B60B /* petri128empty.png */,
				701E3A1413576BD2000BFFBC /* petri128.png */,
			);
			name = Images;
			path = resources/images;
			sourceTree = "<group>";
		};
		703549991337A30500D3865C /* Source */ = {
			isa = PBXGroup;
			children = (
				7035499A1337A32D00D3865C /* Avida */,
				7035499B1337A32D00D3865C /* Avida-ED */,
				7035499C1337A32D00D3865C /* Main */,
				7035499D1337A32D00D3865C /* Viewer-Core */,
			);
			name = Source;
			path = src;
			sourceTree = "<group>";
		};
		7035499A1337A32D00D3865C /* Avida */ = {
			isa = PBXGroup;
			children = (
				703549AE1337AD0500D3865C /* AvidaMainWindowController.h */,
				703549AF1337AD0500D3865C /* AvidaMainWindowController.mm */,
			);
			name = Avida;
			path = avida;
			sourceTree = "<group>";
		};
		7035499B1337A32D00D3865C /* Avida-ED */ = {
			isa = PBXGroup;
			children = (
				703549B11337AD1600D3865C /* AvidaEDController.h */,
				703549B21337AD1600D3865C /* AvidaEDController.mm */,
				7061AB4E13588B0E0000B036 /* AvidaEDPopViewStatView.h */,
				7061AB4F13588B0E0000B036 /* AvidaEDPopViewStatView.mm */,
				70178C7B14D84CB900C715D7 /* AvidaEDAnalyzePopulation.h */,
				70178C7C14D84CB900C715D7 /* AvidaEDAnalyzePopulation.mm */,
				7032D0B9150534F40090C93C /* AvidaEDOrganismView.h */,
				7032D0BA150534F40090C93C /* AvidaEDOrganismView.mm */,
			);
			name = "Avida-ED";
			path = "src/avida-ed";
			sourceTree = SOURCE_ROOT;
		};
		7035499C1337A32D00D3865C /* Main */ = {
			isa = PBXGroup;
			children = (
				703549B41337AD2600D3865C /* AvidaAppDelegate.h */,
				703549B51337AD2600D3865C /* AvidaAppDelegate.mm */,
				7029A49B1361CDBD0031433A /* CenteringClipView.h */,
				7029A49C1361CDBD0031433A /* CenteringClipView.m */,
				7015B89914C87DB50031B60B /* DraggableImageView.h */,
				7015B89A14C87DB50031B60B /* DraggableImageView.m */,
				7032D0B8150528C30090C93C /* DropDelegate.h */,
				7046CFB614D9B7BA0030F1DF /* DroppableGraphHostingView.h */,
				7046CFB714D9B7BA0030F1DF /* DroppableGraphHostingView.m */,
				708308F314B6AA9C0051B354 /* FlipView.h */,
				708308F414B6AA9C0051B354 /* FlipView.m */,
				7015B8A114C886820031B60B /* FreezerOutlineView.h */,
				7015B8A214C886820031B60B /* FreezerOutlineView.mm */,
				708308E914B6A6E50051B354 /* ImageFlipperView.h */,
				708308EA14B6A6E50051B354 /* ImageFlipperView.m */,
				703549B61337AD2600D3865C /* main.mm */,
				701BFFEF13CF305200838CC9 /* OrgColorBox.h */,
				701BFFF013CF305200838CC9 /* OrgColorBox.m */,
				703549B71337AD2600D3865C /* SubtleSplitView.h */,
				703549B81337AD2600D3865C /* SubtleSplitView.m */,
				708308ED14B6A7270051B354 /* NSBitmapImageRep+GLExtensions.h */,
				708308EE14B6A7270051B354 /* NSBitmapImageRep+GLExtensions.m */,
				708308F014B6A7650051B354 /* NSFileManager+TemporaryDirectory.h */,
				708308F114B6A7650051B354 /* NSFileManager+TemporaryDirectory.m */,
			);
			name = Main;
			path = main;
			sourceTree = "<group>";
		};
		7035499D1337A32D00D3865C /* Viewer-Core */ = {
			isa = PBXGroup;
			children = (
				703549BC1337AD4300D3865C /* AvidaRun.h */,
				703549BD1337AD4300D3865C /* AvidaRun.mm */,
				7083E58214BE1E2900E4023E /* Freezer.h */,
				7083E58314BE1E2900E4023E /* Freezer.mm */,
				709D24C314CF4B8100AB0425 /* Genome.h */,
				709D24C414CF4B8100AB0425 /* Genome.mm */,
				703549C01337AD4300D3865C /* MapGridView.h */,
				703549C11337AD4300D3865C /* MapGridView.mm */,
				70D3C086135739E1008374E3 /* MapScaleView.h */,
				70D3C087135739E1008374E3 /* MapScaleView.mm */,
				70D0455A13C6351D00E6E5AC /* NSString+Apto.h */,
				70D0455B13C6351D00E6E5AC /* NSString+Apto.mm */,
				7032D0B515051F260090C93C /* OrganismView.h */,
				7032D0B615051F260090C93C /* OrganismView.mm */,
				703549BE1337AD4300D3865C /* ViewerListener.h */,
				703549BF1337AD4300D3865C /* ViewerListener.mm */,
			);
			name = "Viewer-Core";
			path = "viewer-core";
			sourceTree = "<group>";
		};
		7035499E1337A3A200D3865C /* Other */ = {
			isa = PBXGroup;
			children = (
				703549AC1337A54700D3865C /* Avida-Info.plist */,
			);
			name = Other;
			path = resources/other;
			sourceTree = "<group>";
		};
		703549C91337AF1300D3865C /* Libraries */ = {
			isa = PBXGroup;
			children = (
				703549EA1337D25300D3865C /* libapto.a */,
				703549EF1337D28800D3865C /* libavida-core.a */,
				703549ED1337D28200D3865C /* libviewer-core.a */,
			);
			name = Libraries;
			sourceTree = "<group>";
		};
/* End PBXGroup section */

/* Begin PBXNativeTarget section */
		7035497013379FBD00D3865C /* Avida */ = {
			isa = PBXNativeTarget;
			buildConfigurationList = 7035498F13379FBD00D3865C /* Build configuration list for PBXNativeTarget "Avida" */;
			buildPhases = (
				7035496D13379FBD00D3865C /* Sources */,
				7035496E13379FBD00D3865C /* Frameworks */,
				7035496F13379FBD00D3865C /* Resources */,
				7038059614ACF76A002FA72A /* CopyFiles */,
			);
			buildRules = (
			);
			dependencies = (
			);
			name = Avida;
			productName = Avida;
			productReference = 7035497113379FBD00D3865C /* Avida.app */;
			productType = "com.apple.product-type.application";
		};
/* End PBXNativeTarget section */

/* Begin PBXProject section */
		7035496313379F3F00D3865C /* Project object */ = {
			isa = PBXProject;
			attributes = {
				LastUpgradeCheck = 0440;
				ORGANIZATIONNAME = "Michigan State University";
			};
			buildConfigurationList = 7035496613379F3F00D3865C /* Build configuration list for PBXProject "viewer-macos" */;
			compatibilityVersion = "Xcode 3.2";
			developmentRegion = English;
			hasScannedForEncodings = 0;
			knownRegions = (
				en,
			);
			mainGroup = 7035496113379F3F00D3865C;
			productRefGroup = 7035497213379FBD00D3865C /* Products */;
			projectDirPath = "";
			projectRoot = "";
			targets = (
				7035497013379FBD00D3865C /* Avida */,
			);
		};
/* End PBXProject section */

/* Begin PBXResourcesBuildPhase section */
		7035496F13379FBD00D3865C /* Resources */ = {
			isa = PBXResourcesBuildPhase;
			buildActionMask = 2147483647;
			files = (
				703549A91337A4B100D3865C /* Avida-ED-MainWindow.xib in Resources */,
				703549AA1337A4B100D3865C /* Avida-MainWindow.xib in Resources */,
				703549AB1337A4B100D3865C /* MainMenu.xib in Resources */,
				708D31301342312100AE5CEF /* README in Resources */,
				701E3A1513576BD2000BFFBC /* petri128.png in Resources */,
				7015B89F14C883C60031B60B /* genome65.png in Resources */,
				7015B8A014C883C60031B60B /* petri128empty.png in Resources */,
				7046CF7714D0B5320030F1DF /* petri.icns in Resources */,
				7046CFBC14D9C55B0030F1DF /* graph-preview-dashed.png in Resources */,
				7046CFBD14D9C55B0030F1DF /* graph-preview-solid.png in Resources */,
			);
			runOnlyForDeploymentPostprocessing = 0;
		};
/* End PBXResourcesBuildPhase section */

/* Begin PBXSourcesBuildPhase section */
		7035496D13379FBD00D3865C /* Sources */ = {
			isa = PBXSourcesBuildPhase;
			buildActionMask = 2147483647;
			files = (
				703549B01337AD0500D3865C /* AvidaMainWindowController.mm in Sources */,
				703549B31337AD1600D3865C /* AvidaEDController.mm in Sources */,
				703549B91337AD2600D3865C /* AvidaAppDelegate.mm in Sources */,
				703549BA1337AD2600D3865C /* main.mm in Sources */,
				703549BB1337AD2600D3865C /* SubtleSplitView.m in Sources */,
				703549C21337AD4300D3865C /* AvidaRun.mm in Sources */,
				703549C31337AD4300D3865C /* ViewerListener.mm in Sources */,
				703549C41337AD4300D3865C /* MapGridView.mm in Sources */,
				70D3C088135739E1008374E3 /* MapScaleView.mm in Sources */,
				7061AB5013588B0E0000B036 /* AvidaEDPopViewStatView.mm in Sources */,
				7029A49D1361CDBD0031433A /* CenteringClipView.m in Sources */,
				70D0455C13C6351D00E6E5AC /* NSString+Apto.mm in Sources */,
				701BFFF113CF305200838CC9 /* OrgColorBox.m in Sources */,
				708308EB14B6A6E50051B354 /* ImageFlipperView.m in Sources */,
				708308EF14B6A7270051B354 /* NSBitmapImageRep+GLExtensions.m in Sources */,
				708308F214B6A7650051B354 /* NSFileManager+TemporaryDirectory.m in Sources */,
				708308F514B6AA9C0051B354 /* FlipView.m in Sources */,
				7083E58414BE1E2900E4023E /* Freezer.mm in Sources */,
				7015B89B14C87DB50031B60B /* DraggableImageView.m in Sources */,
				7015B8A314C886820031B60B /* FreezerOutlineView.mm in Sources */,
				709D24C714CF500400AB0425 /* Genome.mm in Sources */,
				70178C7D14D84CB900C715D7 /* AvidaEDAnalyzePopulation.mm in Sources */,
				7046CFB814D9B7BA0030F1DF /* DroppableGraphHostingView.m in Sources */,
				7032D0B715051F260090C93C /* OrganismView.mm in Sources */,
				7032D0BB150534F40090C93C /* AvidaEDOrganismView.mm in Sources */,
			);
			runOnlyForDeploymentPostprocessing = 0;
		};
/* End PBXSourcesBuildPhase section */

/* Begin XCBuildConfiguration section */
		7035496813379F3F00D3865C /* Debug */ = {
			isa = XCBuildConfiguration;
			buildSettings = {
				ARCHS = "$(ARCHS_STANDARD_64_BIT)";
				COPY_PHASE_STRIP = NO;
				DEBUG_INFORMATION_FORMAT = "dwarf-with-dsym";
				GCC_VERSION = com.apple.compilers.llvm.clang.1_0;
				MACOSX_DEPLOYMENT_TARGET = 10.6;
				ONLY_ACTIVE_ARCH = YES;
				SDKROOT = macosx10.7;
			};
			name = Debug;
		};
		7035496913379F3F00D3865C /* Release */ = {
			isa = XCBuildConfiguration;
			buildSettings = {
				ARCHS = "$(ARCHS_STANDARD_64_BIT)";
				DEBUG_INFORMATION_FORMAT = "dwarf-with-dsym";
				GCC_VERSION = com.apple.compilers.llvm.clang.1_0;
				MACOSX_DEPLOYMENT_TARGET = 10.6;
				SDKROOT = macosx10.7;
			};
			name = Release;
		};
		7035498D13379FBD00D3865C /* Debug */ = {
			isa = XCBuildConfiguration;
			buildSettings = {
				ALWAYS_SEARCH_USER_PATHS = NO;
				FRAMEWORK_SEARCH_PATHS = (
					"$(inherited)",
					"\"$(SRCROOT)/../../../../../Library/Developer/Xcode/DerivedData/Avida-erkyibleqpjktofbblmkfuehtmqd/Build/Products/Debug\"",
				);
				GCC_C_LANGUAGE_STANDARD = gnu99;
				GCC_DYNAMIC_NO_PIC = NO;
				GCC_ENABLE_OBJC_EXCEPTIONS = YES;
				GCC_ENABLE_OBJC_GC = required;
				GCC_ENABLE_SSE3_EXTENSIONS = YES;
				GCC_OPTIMIZATION_LEVEL = 0;
				GCC_PREPROCESSOR_DEFINITIONS = DEBUG;
				GCC_SYMBOLS_PRIVATE_EXTERN = NO;
				GCC_UNROLL_LOOPS = YES;
				GCC_WARN_64_TO_32_BIT_CONVERSION = YES;
				GCC_WARN_ABOUT_RETURN_TYPE = YES;
				GCC_WARN_UNUSED_VARIABLE = YES;
				INFOPLIST_FILE = "resources/other/Avida-Info.plist";
				LIBRARY_SEARCH_PATHS = (
					"$(inherited)",
					"\"$(SRCROOT)\"",
				);
				MACOSX_DEPLOYMENT_TARGET = 10.7;
				PRODUCT_NAME = "$(TARGET_NAME)";
				USER_HEADER_SEARCH_PATHS = "../../avida-core/include/public/ ../../libs/apto/include";
				WRAPPER_EXTENSION = app;
			};
			name = Debug;
		};
		7035498E13379FBD00D3865C /* Release */ = {
			isa = XCBuildConfiguration;
			buildSettings = {
				ALWAYS_SEARCH_USER_PATHS = NO;
				FRAMEWORK_SEARCH_PATHS = (
					"$(inherited)",
					"\"$(SRCROOT)/../../../../../Library/Developer/Xcode/DerivedData/Avida-erkyibleqpjktofbblmkfuehtmqd/Build/Products/Debug\"",
				);
				GCC_C_LANGUAGE_STANDARD = gnu99;
				GCC_ENABLE_OBJC_EXCEPTIONS = YES;
				GCC_ENABLE_OBJC_GC = required;
				GCC_ENABLE_SSE3_EXTENSIONS = YES;
				GCC_PREPROCESSOR_DEFINITIONS = NDEBUG;
				GCC_UNROLL_LOOPS = YES;
				GCC_WARN_64_TO_32_BIT_CONVERSION = YES;
				GCC_WARN_ABOUT_RETURN_TYPE = YES;
				GCC_WARN_UNUSED_VARIABLE = YES;
				INFOPLIST_FILE = "resources/other/Avida-Info.plist";
				LIBRARY_SEARCH_PATHS = (
					"$(inherited)",
					"\"$(SRCROOT)\"",
				);
				MACOSX_DEPLOYMENT_TARGET = 10.7;
				PRODUCT_NAME = "$(TARGET_NAME)";
				USER_HEADER_SEARCH_PATHS = "../../avida-core/include/public/ ../../libs/apto/include";
				WRAPPER_EXTENSION = app;
			};
			name = Release;
		};
/* End XCBuildConfiguration section */

/* Begin XCConfigurationList section */
		7035496613379F3F00D3865C /* Build configuration list for PBXProject "viewer-macos" */ = {
			isa = XCConfigurationList;
			buildConfigurations = (
				7035496813379F3F00D3865C /* Debug */,
				7035496913379F3F00D3865C /* Release */,
			);
			defaultConfigurationIsVisible = 0;
			defaultConfigurationName = Release;
		};
		7035498F13379FBD00D3865C /* Build configuration list for PBXNativeTarget "Avida" */ = {
			isa = XCConfigurationList;
			buildConfigurations = (
				7035498D13379FBD00D3865C /* Debug */,
				7035498E13379FBD00D3865C /* Release */,
			);
			defaultConfigurationIsVisible = 0;
			defaultConfigurationName = Release;
		};
/* End XCConfigurationList section */
	};
	rootObject = 7035496313379F3F00D3865C /* Project object */;
}
